
Microsoft Visual Studio Solution File, Format Version 12.00
# Visual Studio Version 16
VisualStudioVersion = 16.0.30204.135
MinimumVisualStudioVersion = 10.0.40219.1
Project("{FAE04EC0-301F-11D3-BF4B-00C04F79EFBC}") = "GameTurtle", "GameTurtle\GameTurtle.csproj", "{8AA0DD89-072D-4000-9B0D-F7F8023EC57F}"
EndProject
Global
	GlobalSection(SolutionConfigurationPlatforms) = preSolution
		Debug|Any CPU = Debug|Any CPU
		Release|Any CPU = Release|Any CPU
	EndGlobalSection
	GlobalSection(ProjectConfigurationPlatforms) = postSolution
		{8AA0DD89-072D-4000-9B0D-F7F8023EC57F}.Debug|Any CPU.ActiveCfg = Debug|Any CPU
		{8AA0DD89-072D-4000-9B0D-F7F8023EC57F}.Debug|Any CPU.Build.0 = Debug|Any CPU
		{8AA0DD89-072D-4000-9B0D-F7F8023EC57F}.Release|Any CPU.ActiveCfg = Release|Any CPU
		{8AA0DD89-072D-4000-9B0D-F7F8023EC57F}.Release|Any CPU.Build.0 = Release|Any CPU
	EndGlobalSection
	GlobalSection(SolutionProperties) = preSolution
		HideSolutionNode = FALSE
	EndGlobalSection
	GlobalSection(ExtensibilityGlobals) = postSolution
		SolutionGuid = {89595CA2-E104-4CC0-A70D-7C74D48C7A82}
	EndGlobalSection
EndGlobal
